
Microsoft Visual Studio Solution File, Format Version 12.00
# Visual Studio 15
VisualStudioVersion = 15.0.26430.12
MinimumVisualStudioVersion = 10.0.40219.1
Project("{FAE04EC0-301F-11D3-BF4B-00C04F79EFBC}") = "eShopOnContainers", "src\Mobile\eShopOnContainers\eShopOnContainers.csproj", "{1A5CFC08-BC66-4287-B8F7-0025E4D86827}"
EndProject
Project("{FAE04EC0-301F-11D3-BF4B-00C04F79EFBC}") = "eShopOnContainers.Android", "src\Mobile\eShopOnContainers.Android\eShopOnContainers.Android.csproj", "{A41FDAD1-D6B0-4292-89F0-71609BD25052}"
EndProject
Project("{FAE04EC0-301F-11D3-BF4B-00C04F79EFBC}") = "Identity.API", "src\Services\Identity.API\Identity.API.csproj", "{820F4114-CAF5-474F-89EE-DF9C2A11FAD2}"
EndProject
Project("{FAE04EC0-301F-11D3-BF4B-00C04F79EFBC}") = "WebSPA", "src\Web\WebSPA\WebSPA.csproj", "{665F769B-FD60-4E99-97DE-9C06B7491A94}"
EndProject
Project("{FAE04EC0-301F-11D3-BF4B-00C04F79EFBC}") = "Catalog.API", "src\Services\Catalog.API\Catalog.API.csproj", "{35E5416B-74C7-42CE-8A3B-7705A009113E}"
EndProject
Project("{2150E333-8FDC-42A3-9474-1A3956D46DE8}") = "Services", "Services", "{909D6324-E169-4B18-A24D-E79DB0945D31}"
EndProject
Project("{2150E333-8FDC-42A3-9474-1A3956D46DE8}") = "Web", "Web", "{97B98B13-E17E-4DC6-A3EB-3DBCC3DCFD59}"
EndProject
Project("{2150E333-8FDC-42A3-9474-1A3956D46DE8}") = "Mobile", "Mobile", "{99236860-A375-48AD-87C8-7CC439632646}"
EndProject
Project("{FAE04EC0-301F-11D3-BF4B-00C04F79EFBC}") = "Basket.API", "src\Services\Basket.API\Basket.API.csproj", "{A2D12CBB-73AE-4B9B-AB36-233F44683A08}"
EndProject
Global
	GlobalSection(SolutionConfigurationPlatforms) = preSolution
		Debug|Any CPU = Debug|Any CPU
		Debug|ARM = Debug|ARM
		Debug|x64 = Debug|x64
		Debug|x86 = Debug|x86
		Release|Any CPU = Release|Any CPU
		Release|ARM = Release|ARM
		Release|x64 = Release|x64
		Release|x86 = Release|x86
	EndGlobalSection
	GlobalSection(ProjectConfigurationPlatforms) = postSolution
		{1A5CFC08-BC66-4287-B8F7-0025E4D86827}.Debug|Any CPU.ActiveCfg = Debug|Any CPU
		{1A5CFC08-BC66-4287-B8F7-0025E4D86827}.Debug|Any CPU.Build.0 = Debug|Any CPU
		{1A5CFC08-BC66-4287-B8F7-0025E4D86827}.Debug|ARM.ActiveCfg = Debug|Any CPU
		{1A5CFC08-BC66-4287-B8F7-0025E4D86827}.Debug|ARM.Build.0 = Debug|Any CPU
		{1A5CFC08-BC66-4287-B8F7-0025E4D86827}.Debug|x64.ActiveCfg = Debug|Any CPU
		{1A5CFC08-BC66-4287-B8F7-0025E4D86827}.Debug|x64.Build.0 = Debug|Any CPU
		{1A5CFC08-BC66-4287-B8F7-0025E4D86827}.Debug|x86.ActiveCfg = Debug|Any CPU
		{1A5CFC08-BC66-4287-B8F7-0025E4D86827}.Debug|x86.Build.0 = Debug|Any CPU
		{1A5CFC08-BC66-4287-B8F7-0025E4D86827}.Release|Any CPU.ActiveCfg = Release|Any CPU
		{1A5CFC08-BC66-4287-B8F7-0025E4D86827}.Release|Any CPU.Build.0 = Release|Any CPU
		{1A5CFC08-BC66-4287-B8F7-0025E4D86827}.Release|ARM.ActiveCfg = Release|Any CPU
		{1A5CFC08-BC66-4287-B8F7-0025E4D86827}.Release|ARM.Build.0 = Release|Any CPU
		{1A5CFC08-BC66-4287-B8F7-0025E4D86827}.Release|x64.ActiveCfg = Release|Any CPU
		{1A5CFC08-BC66-4287-B8F7-0025E4D86827}.Release|x64.Build.0 = Release|Any CPU
		{1A5CFC08-BC66-4287-B8F7-0025E4D86827}.Release|x86.ActiveCfg = Release|Any CPU
		{1A5CFC08-BC66-4287-B8F7-0025E4D86827}.Release|x86.Build.0 = Release|Any CPU
		{A41FDAD1-D6B0-4292-89F0-71609BD25052}.Debug|Any CPU.ActiveCfg = Debug|Any CPU
		{A41FDAD1-D6B0-4292-89F0-71609BD25052}.Debug|Any CPU.Build.0 = Debug|Any CPU
		{A41FDAD1-D6B0-4292-89F0-71609BD25052}.Debug|Any CPU.Deploy.0 = Debug|Any CPU
		{A41FDAD1-D6B0-4292-89F0-71609BD25052}.Debug|ARM.ActiveCfg = Debug|Any CPU
		{A41FDAD1-D6B0-4292-89F0-71609BD25052}.Debug|ARM.Build.0 = Debug|Any CPU
		{A41FDAD1-D6B0-4292-89F0-71609BD25052}.Debug|ARM.Deploy.0 = Debug|Any CPU
		{A41FDAD1-D6B0-4292-89F0-71609BD25052}.Debug|x64.ActiveCfg = Debug|Any CPU
		{A41FDAD1-D6B0-4292-89F0-71609BD25052}.Debug|x64.Build.0 = Debug|Any CPU
		{A41FDAD1-D6B0-4292-89F0-71609BD25052}.Debug|x64.Deploy.0 = Debug|Any CPU
		{A41FDAD1-D6B0-4292-89F0-71609BD25052}.Debug|x86.ActiveCfg = Debug|Any CPU
		{A41FDAD1-D6B0-4292-89F0-71609BD25052}.Debug|x86.Build.0 = Debug|Any CPU
		{A41FDAD1-D6B0-4292-89F0-71609BD25052}.Debug|x86.Deploy.0 = Debug|Any CPU
		{A41FDAD1-D6B0-4292-89F0-71609BD25052}.Release|Any CPU.ActiveCfg = Release|Any CPU
		{A41FDAD1-D6B0-4292-89F0-71609BD25052}.Release|Any CPU.Build.0 = Release|Any CPU
		{A41FDAD1-D6B0-4292-89F0-71609BD25052}.Release|Any CPU.Deploy.0 = Release|Any CPU
		{A41FDAD1-D6B0-4292-89F0-71609BD25052}.Release|ARM.ActiveCfg = Release|Any CPU
		{A41FDAD1-D6B0-4292-89F0-71609BD25052}.Release|ARM.Build.0 = Release|Any CPU
		{A41FDAD1-D6B0-4292-89F0-71609BD25052}.Release|ARM.Deploy.0 = Release|Any CPU
		{A41FDAD1-D6B0-4292-89F0-71609BD25052}.Release|x64.ActiveCfg = Release|Any CPU
		{A41FDAD1-D6B0-4292-89F0-71609BD25052}.Release|x64.Build.0 = Release|Any CPU
		{A41FDAD1-D6B0-4292-89F0-71609BD25052}.Release|x64.Deploy.0 = Release|Any CPU
		{A41FDAD1-D6B0-4292-89F0-71609BD25052}.Release|x86.ActiveCfg = Release|Any CPU
		{A41FDAD1-D6B0-4292-89F0-71609BD25052}.Release|x86.Build.0 = Release|Any CPU
		{A41FDAD1-D6B0-4292-89F0-71609BD25052}.Release|x86.Deploy.0 = Release|Any CPU
		{820F4114-CAF5-474F-89EE-DF9C2A11FAD2}.Debug|Any CPU.ActiveCfg = Debug|Any CPU
		{820F4114-CAF5-474F-89EE-DF9C2A11FAD2}.Debug|Any CPU.Build.0 = Debug|Any CPU
		{820F4114-CAF5-474F-89EE-DF9C2A11FAD2}.Debug|ARM.ActiveCfg = Debug|Any CPU
		{820F4114-CAF5-474F-89EE-DF9C2A11FAD2}.Debug|ARM.Build.0 = Debug|Any CPU
		{820F4114-CAF5-474F-89EE-DF9C2A11FAD2}.Debug|x64.ActiveCfg = Debug|Any CPU
		{820F4114-CAF5-474F-89EE-DF9C2A11FAD2}.Debug|x64.Build.0 = Debug|Any CPU
		{820F4114-CAF5-474F-89EE-DF9C2A11FAD2}.Debug|x86.ActiveCfg = Debug|Any CPU
		{820F4114-CAF5-474F-89EE-DF9C2A11FAD2}.Debug|x86.Build.0 = Debug|Any CPU
		{820F4114-CAF5-474F-89EE-DF9C2A11FAD2}.Release|Any CPU.ActiveCfg = Release|Any CPU
		{820F4114-CAF5-474F-89EE-DF9C2A11FAD2}.Release|Any CPU.Build.0 = Release|Any CPU
		{820F4114-CAF5-474F-89EE-DF9C2A11FAD2}.Release|ARM.ActiveCfg = Release|Any CPU
		{820F4114-CAF5-474F-89EE-DF9C2A11FAD2}.Release|ARM.Build.0 = Release|Any CPU
		{820F4114-CAF5-474F-89EE-DF9C2A11FAD2}.Release|x64.ActiveCfg = Release|Any CPU
		{820F4114-CAF5-474F-89EE-DF9C2A11FAD2}.Release|x64.Build.0 = Release|Any CPU
		{820F4114-CAF5-474F-89EE-DF9C2A11FAD2}.Release|x86.ActiveCfg = Release|Any CPU
		{820F4114-CAF5-474F-89EE-DF9C2A11FAD2}.Release|x86.Build.0 = Release|Any CPU
		{665F769B-FD60-4E99-97DE-9C06B7491A94}.Debug|Any CPU.ActiveCfg = Debug|Any CPU
		{665F769B-FD60-4E99-97DE-9C06B7491A94}.Debug|Any CPU.Build.0 = Debug|Any CPU
		{665F769B-FD60-4E99-97DE-9C06B7491A94}.Debug|ARM.ActiveCfg = Debug|Any CPU
		{665F769B-FD60-4E99-97DE-9C06B7491A94}.Debug|ARM.Build.0 = Debug|Any CPU
		{665F769B-FD60-4E99-97DE-9C06B7491A94}.Debug|x64.ActiveCfg = Debug|Any CPU
		{665F769B-FD60-4E99-97DE-9C06B7491A94}.Debug|x64.Build.0 = Debug|Any CPU
		{665F769B-FD60-4E99-97DE-9C06B7491A94}.Debug|x86.ActiveCfg = Debug|Any CPU
		{665F769B-FD60-4E99-97DE-9C06B7491A94}.Debug|x86.Build.0 = Debug|Any CPU
		{665F769B-FD60-4E99-97DE-9C06B7491A94}.Release|Any CPU.ActiveCfg = Release|Any CPU
		{665F769B-FD60-4E99-97DE-9C06B7491A94}.Release|Any CPU.Build.0 = Release|Any CPU
		{665F769B-FD60-4E99-97DE-9C06B7491A94}.Release|ARM.ActiveCfg = Release|Any CPU
		{665F769B-FD60-4E99-97DE-9C06B7491A94}.Release|ARM.Build.0 = Release|Any CPU
		{665F769B-FD60-4E99-97DE-9C06B7491A94}.Release|x64.ActiveCfg = Release|Any CPU
		{665F769B-FD60-4E99-97DE-9C06B7491A94}.Release|x64.Build.0 = Release|Any CPU
		{665F769B-FD60-4E99-97DE-9C06B7491A94}.Release|x86.ActiveCfg = Release|Any CPU
		{665F769B-FD60-4E99-97DE-9C06B7491A94}.Release|x86.Build.0 = Release|Any CPU
		{35E5416B-74C7-42CE-8A3B-7705A009113E}.Debug|Any CPU.ActiveCfg = Debug|Any CPU
		{35E5416B-74C7-42CE-8A3B-7705A009113E}.Debug|Any CPU.Build.0 = Debug|Any CPU
		{35E5416B-74C7-42CE-8A3B-7705A009113E}.Debug|ARM.ActiveCfg = Debug|Any CPU
		{35E5416B-74C7-42CE-8A3B-7705A009113E}.Debug|ARM.Build.0 = Debug|Any CPU
		{35E5416B-74C7-42CE-8A3B-7705A009113E}.Debug|x64.ActiveCfg = Debug|Any CPU
		{35E5416B-74C7-42CE-8A3B-7705A009113E}.Debug|x64.Build.0 = Debug|Any CPU
		{35E5416B-74C7-42CE-8A3B-7705A009113E}.Debug|x86.ActiveCfg = Debug|Any CPU
		{35E5416B-74C7-42CE-8A3B-7705A009113E}.Debug|x86.Build.0 = Debug|Any CPU
		{35E5416B-74C7-42CE-8A3B-7705A009113E}.Release|Any CPU.ActiveCfg = Release|Any CPU
		{35E5416B-74C7-42CE-8A3B-7705A009113E}.Release|Any CPU.Build.0 = Release|Any CPU
		{35E5416B-74C7-42CE-8A3B-7705A009113E}.Release|ARM.ActiveCfg = Release|Any CPU
		{35E5416B-74C7-42CE-8A3B-7705A009113E}.Release|ARM.Build.0 = Release|Any CPU
		{35E5416B-74C7-42CE-8A3B-7705A009113E}.Release|x64.ActiveCfg = Release|Any CPU
		{35E5416B-74C7-42CE-8A3B-7705A009113E}.Release|x64.Build.0 = Release|Any CPU
		{35E5416B-74C7-42CE-8A3B-7705A009113E}.Release|x86.ActiveCfg = Release|Any CPU
		{35E5416B-74C7-42CE-8A3B-7705A009113E}.Release|x86.Build.0 = Release|Any CPU
		{A2D12CBB-73AE-4B9B-AB36-233F44683A08}.Debug|Any CPU.ActiveCfg = Debug|Any CPU
		{A2D12CBB-73AE-4B9B-AB36-233F44683A08}.Debug|Any CPU.Build.0 = Debug|Any CPU
		{A2D12CBB-73AE-4B9B-AB36-233F44683A08}.Debug|ARM.ActiveCfg = Debug|Any CPU
		{A2D12CBB-73AE-4B9B-AB36-233F44683A08}.Debug|ARM.Build.0 = Debug|Any CPU
		{A2D12CBB-73AE-4B9B-AB36-233F44683A08}.Debug|x64.ActiveCfg = Debug|Any CPU
		{A2D12CBB-73AE-4B9B-AB36-233F44683A08}.Debug|x64.Build.0 = Debug|Any CPU
		{A2D12CBB-73AE-4B9B-AB36-233F44683A08}.Debug|x86.ActiveCfg = Debug|Any CPU
		{A2D12CBB-73AE-4B9B-AB36-233F44683A08}.Debug|x86.Build.0 = Debug|Any CPU
		{A2D12CBB-73AE-4B9B-AB36-233F44683A08}.Release|Any CPU.ActiveCfg = Release|Any CPU
		{A2D12CBB-73AE-4B9B-AB36-233F44683A08}.Release|Any CPU.Build.0 = Release|Any CPU
		{A2D12CBB-73AE-4B9B-AB36-233F44683A08}.Release|ARM.ActiveCfg = Release|Any CPU
		{A2D12CBB-73AE-4B9B-AB36-233F44683A08}.Release|ARM.Build.0 = Release|Any CPU
		{A2D12CBB-73AE-4B9B-AB36-233F44683A08}.Release|x64.ActiveCfg = Release|Any CPU
		{A2D12CBB-73AE-4B9B-AB36-233F44683A08}.Release|x64.Build.0 = Release|Any CPU
		{A2D12CBB-73AE-4B9B-AB36-233F44683A08}.Release|x86.ActiveCfg = Release|Any CPU
		{A2D12CBB-73AE-4B9B-AB36-233F44683A08}.Release|x86.Build.0 = Release|Any CPU
	EndGlobalSection
	GlobalSection(SolutionProperties) = preSolution
		HideSolutionNode = FALSE
	EndGlobalSection
	GlobalSection(NestedProjects) = preSolution
		{1A5CFC08-BC66-4287-B8F7-0025E4D86827} = {99236860-A375-48AD-87C8-7CC439632646}
		{A41FDAD1-D6B0-4292-89F0-71609BD25052} = {99236860-A375-48AD-87C8-7CC439632646}
		{820F4114-CAF5-474F-89EE-DF9C2A11FAD2} = {909D6324-E169-4B18-A24D-E79DB0945D31}
		{665F769B-FD60-4E99-97DE-9C06B7491A94} = {97B98B13-E17E-4DC6-A3EB-3DBCC3DCFD59}
		{35E5416B-74C7-42CE-8A3B-7705A009113E} = {909D6324-E169-4B18-A24D-E79DB0945D31}
		{A2D12CBB-73AE-4B9B-AB36-233F44683A08} = {909D6324-E169-4B18-A24D-E79DB0945D31}
	EndGlobalSection
EndGlobal
